
Microsoft Visual Studio Solution File, Format Version 12.00
# Visual Studio Version 17
VisualStudioVersion = 17.3.32929.385
MinimumVisualStudioVersion = 10.0.40219.1
Project("{9A19103F-16F7-4668-BE54-9A1E7A4F7556}") = "NeverForgetPass", "NeverForgetPass.csproj", "{1383C766-116D-4870-B34A-DCB14D8BBD68}"
EndProject
Project("{2150E333-8FDC-42A3-9474-1A3956D46DE8}") = "Solution Items", "Solution Items", "{06DC1FFD-FE7D-4F58-A301-4490D79E9E25}"
	ProjectSection(SolutionItems) = preProject
		.editorconfig = .editorconfig
	EndProjectSection
EndProject
Global
	GlobalSection(SolutionConfigurationPlatforms) = preSolution
		Debug|Any CPU = Debug|Any CPU
		Release|Any CPU = Release|Any CPU
	EndGlobalSection
	GlobalSection(ProjectConfigurationPlatforms) = postSolution
		{1383C766-116D-4870-B34A-DCB14D8BBD68}.Debug|Any CPU.ActiveCfg = Debug|Any CPU
		{1383C766-116D-4870-B34A-DCB14D8BBD68}.Debug|Any CPU.Build.0 = Debug|Any CPU
		{1383C766-116D-4870-B34A-DCB14D8BBD68}.Release|Any CPU.ActiveCfg = Release|Any CPU
		{1383C766-116D-4870-B34A-DCB14D8BBD68}.Release|Any CPU.Build.0 = Release|Any CPU
	EndGlobalSection
	GlobalSection(SolutionProperties) = preSolution
		HideSolutionNode = FALSE
	EndGlobalSection
	GlobalSection(ExtensibilityGlobals) = postSolution
		SolutionGuid = {1988C7E5-105A-4253-9651-490229BAB5AA}
	EndGlobalSection
EndGlobal
